PODS:
  - Mapbox-iOS-SDK (5.2.0-alpha.2)
  - SwiftLint (0.33.0)

DEPENDENCIES:
  - Mapbox-iOS-SDK (= 5.2.0-alpha.2)
  - SwiftLint (~> 0.29)

SPEC REPOS:
  https://github.com/cocoapods/specs.git:
    - Mapbox-iOS-SDK
    - SwiftLint

SPEC CHECKSUMS:
  Mapbox-iOS-SDK: 682b730f0696d087c159b712ab3d1e37ea02ca9b
  SwiftLint: fed9c66336e41fc74dc48a73678380718f0c8b0e

PODFILE CHECKSUM: a2d41e13f57c2fa95f720f9ecbe6faf2b943e817

COCOAPODS: 1.7.3
